
Microsoft Visual Studio Solution File, Format Version 12.00
# Visual Studio Version 17
VisualStudioVersion = 17.5.33516.290
MinimumVisualStudioVersion = 10.0.40219.1
Project("{FAE04EC0-301F-11D3-BF4B-00C04F79EFBC}") = "Lyzer-BE", "Lyzer-BE.csproj", "{83E86924-D1BA-417D-A9C7-9D0BFE73B5D8}"
EndProject
Project("{FAE04EC0-301F-11D3-BF4B-00C04F79EFBC}") = "Lyzer-BE.Tests", "..\LyzerBE.Tests\Lyzer-BE.Tests.csproj", "{818CD78F-866B-44F6-A782-9069E783B078}"
EndProject
Global
	GlobalSection(SolutionConfigurationPlatforms) = preSolution
		Debug|Any CPU = Debug|Any CPU
		Release|Any CPU = Release|Any CPU
	EndGlobalSection
	GlobalSection(ProjectConfigurationPlatforms) = postSolution
		{83E86924-D1BA-417D-A9C7-9D0BFE73B5D8}.Debug|Any CPU.ActiveCfg = Debug|Any CPU
		{83E86924-D1BA-417D-A9C7-9D0BFE73B5D8}.Debug|Any CPU.Build.0 = Debug|Any CPU
		{83E86924-D1BA-417D-A9C7-9D0BFE73B5D8}.Release|Any CPU.ActiveCfg = Release|Any CPU
		{83E86924-D1BA-417D-A9C7-9D0BFE73B5D8}.Release|Any CPU.Build.0 = Release|Any CPU
		{818CD78F-866B-44F6-A782-9069E783B078}.Debug|Any CPU.ActiveCfg = Debug|Any CPU
		{818CD78F-866B-44F6-A782-9069E783B078}.Debug|Any CPU.Build.0 = Debug|Any CPU
		{818CD78F-866B-44F6-A782-9069E783B078}.Release|Any CPU.ActiveCfg = Release|Any CPU
		{818CD78F-866B-44F6-A782-9069E783B078}.Release|Any CPU.Build.0 = Release|Any CPU
	EndGlobalSection
	GlobalSection(SolutionProperties) = preSolution
		HideSolutionNode = FALSE
	EndGlobalSection
	GlobalSection(ExtensibilityGlobals) = postSolution
		SolutionGuid = {D563BCCC-E2D4-4155-8B88-4E38398EA76F}
	EndGlobalSection
EndGlobal
